
Microsoft Visual Studio Solution File, Format Version 12.00
# Visual Studio 15
VisualStudioVersion = 15.0.27703.2042
MinimumVisualStudioVersion = 10.0.40219.1
Project("{8BC9CEB8-8B4A-11D0-8D11-00A0C91BC942}") = "BIDSpp", "BIDSpp\BIDSpp.vcxproj", "{E6918E77-9E5A-45B6-988B-390CC2E89BC7}"
EndProject
Project("{FAE04EC0-301F-11D3-BF4B-00C04F79EFBC}") = "BIDSid", "BIDSid\BIDSid.csproj", "{87B3CB83-D6EF-4DC0-AD32-6BFCD0C8B57C}"
EndProject
Project("{FAE04EC0-301F-11D3-BF4B-00C04F79EFBC}") = "CsSharedMemConsoleTest", "CsSharedMemConsoleTest\CsSharedMemConsoleTest.csproj", "{7A8703D2-D435-414B-B867-47AA81C974A2}"
EndProject
Project("{8BC9CEB8-8B4A-11D0-8D11-00A0C91BC942}") = "CppSharedMemConsoleTest", "CppSharedMemConsoleTest\CppSharedMemConsoleTest.vcxproj", "{9601A258-582A-4179-BEA2-BECC30D40731}"
EndProject
Global
	GlobalSection(SolutionConfigurationPlatforms) = preSolution
		Debug|Any CPU = Debug|Any CPU
		Debug|x64 = Debug|x64
		Debug|x86 = Debug|x86
		Release|Any CPU = Release|Any CPU
		Release|x64 = Release|x64
		Release|x86 = Release|x86
	EndGlobalSection
	GlobalSection(ProjectConfigurationPlatforms) = postSolution
		{E6918E77-9E5A-45B6-988B-390CC2E89BC7}.Debug|Any CPU.ActiveCfg = Debug|Win32
		{E6918E77-9E5A-45B6-988B-390CC2E89BC7}.Debug|Any CPU.Build.0 = Debug|Win32
		{E6918E77-9E5A-45B6-988B-390CC2E89BC7}.Debug|x64.ActiveCfg = Debug|x64
		{E6918E77-9E5A-45B6-988B-390CC2E89BC7}.Debug|x64.Build.0 = Debug|x64
		{E6918E77-9E5A-45B6-988B-390CC2E89BC7}.Debug|x86.ActiveCfg = Debug|Win32
		{E6918E77-9E5A-45B6-988B-390CC2E89BC7}.Debug|x86.Build.0 = Debug|Win32
		{E6918E77-9E5A-45B6-988B-390CC2E89BC7}.Release|Any CPU.ActiveCfg = Release|Win32
		{E6918E77-9E5A-45B6-988B-390CC2E89BC7}.Release|x64.ActiveCfg = Release|x64
		{E6918E77-9E5A-45B6-988B-390CC2E89BC7}.Release|x64.Build.0 = Release|x64
		{E6918E77-9E5A-45B6-988B-390CC2E89BC7}.Release|x86.ActiveCfg = Release|Win32
		{E6918E77-9E5A-45B6-988B-390CC2E89BC7}.Release|x86.Build.0 = Release|Win32
		{87B3CB83-D6EF-4DC0-AD32-6BFCD0C8B57C}.Debug|Any CPU.ActiveCfg = Debug|Any CPU
		{87B3CB83-D6EF-4DC0-AD32-6BFCD0C8B57C}.Debug|Any CPU.Build.0 = Debug|Any CPU
		{87B3CB83-D6EF-4DC0-AD32-6BFCD0C8B57C}.Debug|x64.ActiveCfg = Debug|Any CPU
		{87B3CB83-D6EF-4DC0-AD32-6BFCD0C8B57C}.Debug|x64.Build.0 = Debug|Any CPU
		{87B3CB83-D6EF-4DC0-AD32-6BFCD0C8B57C}.Debug|x86.ActiveCfg = Debug|Any CPU
		{87B3CB83-D6EF-4DC0-AD32-6BFCD0C8B57C}.Debug|x86.Build.0 = Debug|Any CPU
		{87B3CB83-D6EF-4DC0-AD32-6BFCD0C8B57C}.Release|Any CPU.ActiveCfg = Release|Any CPU
		{87B3CB83-D6EF-4DC0-AD32-6BFCD0C8B57C}.Release|Any CPU.Build.0 = Release|Any CPU
		{87B3CB83-D6EF-4DC0-AD32-6BFCD0C8B57C}.Release|x64.ActiveCfg = Release|Any CPU
		{87B3CB83-D6EF-4DC0-AD32-6BFCD0C8B57C}.Release|x64.Build.0 = Release|Any CPU
		{87B3CB83-D6EF-4DC0-AD32-6BFCD0C8B57C}.Release|x86.ActiveCfg = Release|Any CPU
		{87B3CB83-D6EF-4DC0-AD32-6BFCD0C8B57C}.Release|x86.Build.0 = Release|Any CPU
		{7A8703D2-D435-414B-B867-47AA81C974A2}.Debug|Any CPU.ActiveCfg = Debug|Any CPU
		{7A8703D2-D435-414B-B867-47AA81C974A2}.Debug|x64.ActiveCfg = Debug|Any CPU
		{7A8703D2-D435-414B-B867-47AA81C974A2}.Debug|x64.Build.0 = Debug|Any CPU
		{7A8703D2-D435-414B-B867-47AA81C974A2}.Debug|x86.ActiveCfg = Debug|Any CPU
		{7A8703D2-D435-414B-B867-47AA81C974A2}.Debug|x86.Build.0 = Debug|Any CPU
		{7A8703D2-D435-414B-B867-47AA81C974A2}.Release|Any CPU.ActiveCfg = Release|Any CPU
		{7A8703D2-D435-414B-B867-47AA81C974A2}.Release|Any CPU.Build.0 = Release|Any CPU
		{7A8703D2-D435-414B-B867-47AA81C974A2}.Release|x64.ActiveCfg = Release|Any CPU
		{7A8703D2-D435-414B-B867-47AA81C974A2}.Release|x64.Build.0 = Release|Any CPU
		{7A8703D2-D435-414B-B867-47AA81C974A2}.Release|x86.ActiveCfg = Release|Any CPU
		{7A8703D2-D435-414B-B867-47AA81C974A2}.Release|x86.Build.0 = Release|Any CPU
		{9601A258-582A-4179-BEA2-BECC30D40731}.Debug|Any CPU.ActiveCfg = Debug|Win32
		{9601A258-582A-4179-BEA2-BECC30D40731}.Debug|x64.ActiveCfg = Debug|x64
		{9601A258-582A-4179-BEA2-BECC30D40731}.Debug|x64.Build.0 = Debug|x64
		{9601A258-582A-4179-BEA2-BECC30D40731}.Debug|x86.ActiveCfg = Debug|Win32
		{9601A258-582A-4179-BEA2-BECC30D40731}.Debug|x86.Build.0 = Debug|Win32
		{9601A258-582A-4179-BEA2-BECC30D40731}.Release|Any CPU.ActiveCfg = Release|Win32
		{9601A258-582A-4179-BEA2-BECC30D40731}.Release|x64.ActiveCfg = Release|x64
		{9601A258-582A-4179-BEA2-BECC30D40731}.Release|x64.Build.0 = Release|x64
		{9601A258-582A-4179-BEA2-BECC30D40731}.Release|x86.ActiveCfg = Release|Win32
		{9601A258-582A-4179-BEA2-BECC30D40731}.Release|x86.Build.0 = Release|Win32
	EndGlobalSection
	GlobalSection(SolutionProperties) = preSolution
		HideSolutionNode = FALSE
	EndGlobalSection
	GlobalSection(ExtensibilityGlobals) = postSolution
		SolutionGuid = {BF0B18C4-D7B6-4719-B1AC-18C04331792D}
	EndGlobalSection
EndGlobal
